// !$*UTF8*$!
{
	archiveVersion = 1;
	classes = {
	};
	objectVersion = 56;
	objects = {

/* Begin PBXBuildFile section */
		6C07E0A22A1B4A53007BD056 /* DataSourceDelegate.swift in Sources */ = {isa = PBXBuildFile; fileRef = 6C07E0A12A1B4A53007BD056 /* DataSourceDelegate.swift */; };
		6C0F27EC2A17983800993F02 /* CategoryViewController.swift in Sources */ = {isa = PBXBuildFile; fileRef = 6C0F27EB2A17983800993F02 /* CategoryViewController.swift */; };
		6C0F27EE2A179E9200993F02 /* NewCategoryViewController.swift in Sources */ = {isa = PBXBuildFile; fileRef = 6C0F27ED2A179E9200993F02 /* NewCategoryViewController.swift */; };
		6C0F27F32A17A8F900993F02 /* ListTableViewCell.swift in Sources */ = {isa = PBXBuildFile; fileRef = 6C0F27F22A17A8F900993F02 /* ListTableViewCell.swift */; };
		6C27906D2A6A6A01005B4926 /* TrackerCategoryStore.swift in Sources */ = {isa = PBXBuildFile; fileRef = 6C27906C2A6A6A01005B4926 /* TrackerCategoryStore.swift */; };
		6C27906F2A6A6AAF005B4926 /* TrackerCategoryStoreDelegate.swift in Sources */ = {isa = PBXBuildFile; fileRef = 6C27906E2A6A6AAF005B4926 /* TrackerCategoryStoreDelegate.swift */; };
		6C2790712A6AA13B005B4926 /* TrackerCoreDataError.swift in Sources */ = {isa = PBXBuildFile; fileRef = 6C2790702A6AA13B005B4926 /* TrackerCoreDataError.swift */; };
		6C2790732A6AC39C005B4926 /* TrackerRecordStore.swift in Sources */ = {isa = PBXBuildFile; fileRef = 6C2790722A6AC39C005B4926 /* TrackerRecordStore.swift */; };
		6C2F5F942A135A400003AD76 /* Extensions.swift in Sources */ = {isa = PBXBuildFile; fileRef = 6C2F5F932A135A400003AD76 /* Extensions.swift */; };
		6C2F5F9D2A138BA90003AD76 /* SF-Pro.ttf in Resources */ = {isa = PBXBuildFile; fileRef = 6C2F5F9C2A138BA90003AD76 /* SF-Pro.ttf */; };
		6C31EFDF2A165A190049F5F4 /* CreationIrregularEventViewController.swift in Sources */ = {isa = PBXBuildFile; fileRef = 6C31EFDE2A165A190049F5F4 /* CreationIrregularEventViewController.swift */; };
		6C31EFE12A1660D50049F5F4 /* TableViewStaticDataSource.swift in Sources */ = {isa = PBXBuildFile; fileRef = 6C31EFE02A1660D50049F5F4 /* TableViewStaticDataSource.swift */; };
		6C31EFE32A16632B0049F5F4 /* CreationTableViewCell.swift in Sources */ = {isa = PBXBuildFile; fileRef = 6C31EFE22A16632B0049F5F4 /* CreationTableViewCell.swift */; };
		6C31EFE52A16756A0049F5F4 /* SheduleViewController.swift in Sources */ = {isa = PBXBuildFile; fileRef = 6C31EFE42A16756A0049F5F4 /* SheduleViewController.swift */; };
		6C31EFE72A1677CC0049F5F4 /* WeekDay.swift in Sources */ = {isa = PBXBuildFile; fileRef = 6C31EFE62A1677CC0049F5F4 /* WeekDay.swift */; };
		6C31EFE92A167F8B0049F5F4 /* SheduleTableViewCell.swift in Sources */ = {isa = PBXBuildFile; fileRef = 6C31EFE82A167F8B0049F5F4 /* SheduleTableViewCell.swift */; };
		6C35F4652A6E92BD00D47531 /* TrackerRecordStoreDelegate.swift in Sources */ = {isa = PBXBuildFile; fileRef = 6C35F4642A6E92BD00D47531 /* TrackerRecordStoreDelegate.swift */; };
		6C55E3C12A1CC909000D5429 /* Tracker.swift in Sources */ = {isa = PBXBuildFile; fileRef = 6C55E3C02A1CC909000D5429 /* Tracker.swift */; };
		6C55E3C32A1CC922000D5429 /* TrackerCategory.swift in Sources */ = {isa = PBXBuildFile; fileRef = 6C55E3C22A1CC922000D5429 /* TrackerCategory.swift */; };
		6C55E3C62A1CC95D000D5429 /* TrackerRecord.swift in Sources */ = {isa = PBXBuildFile; fileRef = 6C55E3C52A1CC95D000D5429 /* TrackerRecord.swift */; };
		6C7233202A1B62E400B99F3F /* EmojiCollectionViewCell.swift in Sources */ = {isa = PBXBuildFile; fileRef = 6C72331F2A1B62E400B99F3F /* EmojiCollectionViewCell.swift */; };
		6C7233222A1B6A3600B99F3F /* GeometricParams.swift in Sources */ = {isa = PBXBuildFile; fileRef = 6C7233212A1B6A3600B99F3F /* GeometricParams.swift */; };
		6C7531CA2A126E7800A8CBAE /* TabBarController.swift in Sources */ = {isa = PBXBuildFile; fileRef = 6C7531C92A126E7800A8CBAE /* TabBarController.swift */; };
		6C7531CC2A126E9F00A8CBAE /* StatisticViewController.swift in Sources */ = {isa = PBXBuildFile; fileRef = 6C7531CB2A126E9F00A8CBAE /* StatisticViewController.swift */; };
		6C84D64A2A1F73FF00060381 /* TrackersCollectionViewCell.swift in Sources */ = {isa = PBXBuildFile; fileRef = 6C84D6492A1F73FF00060381 /* TrackersCollectionViewCell.swift */; };
		6C84D64E2A1F80BD00060381 /* SupplementaryView.swift in Sources */ = {isa = PBXBuildFile; fileRef = 6C84D64D2A1F80BD00060381 /* SupplementaryView.swift */; };
		6C8AA3582A77FA39007B2885 /* Localizable.stringsdict in Resources */ = {isa = PBXBuildFile; fileRef = 6C8AA35A2A77FA39007B2885 /* Localizable.stringsdict */; };
		6C8AA35F2A7801BD007B2885 /* Localizable.strings in Resources */ = {isa = PBXBuildFile; fileRef = 6C8AA3612A7801BD007B2885 /* Localizable.strings */; };
		6C947E102A161CFB00A8E3BE /* CreationTrackerViewController.swift in Sources */ = {isa = PBXBuildFile; fileRef = 6C947E0F2A161CFB00A8E3BE /* CreationTrackerViewController.swift */; };
		6C947E122A16409600A8E3BE /* CreationHabitViewController.swift in Sources */ = {isa = PBXBuildFile; fileRef = 6C947E112A16409600A8E3BE /* CreationHabitViewController.swift */; };
		6C959F992A691C9900CB8BFE /* CreationEventViewController.swift in Sources */ = {isa = PBXBuildFile; fileRef = 6C959F982A691C9900CB8BFE /* CreationEventViewController.swift */; };
		6C959FA12A69578D00CB8BFE /* TrackerModel.xcdatamodeld in Sources */ = {isa = PBXBuildFile; fileRef = 6C959F9F2A69578D00CB8BFE /* TrackerModel.xcdatamodeld */; };
		6C959FA42A69618E00CB8BFE /* TrackerStore.swift in Sources */ = {isa = PBXBuildFile; fileRef = 6C959FA32A69618E00CB8BFE /* TrackerStore.swift */; };
		6C959FAC2A696A2800CB8BFE /* UIColorMarshalling.swift in Sources */ = {isa = PBXBuildFile; fileRef = 6C959FAB2A696A2800CB8BFE /* UIColorMarshalling.swift */; };
		6C959FAE2A696C1400CB8BFE /* WeekDayMarshalling.swift in Sources */ = {isa = PBXBuildFile; fileRef = 6C959FAD2A696C1400CB8BFE /* WeekDayMarshalling.swift */; };
		6C9E221F2A68376D002B50EA /* TrackersCollectionViewCellModel.swift in Sources */ = {isa = PBXBuildFile; fileRef = 6C9E221E2A68376D002B50EA /* TrackersCollectionViewCellModel.swift */; };
		6CB550CE2A1B89E70012065B /* ColorCollectionViewCell.swift in Sources */ = {isa = PBXBuildFile; fileRef = 6CB550CD2A1B89E70012065B /* ColorCollectionViewCell.swift */; };
		6CBF011D2A1E513E00CC0578 /* TrackersViewControllerDelegate.swift in Sources */ = {isa = PBXBuildFile; fileRef = 6CBF011C2A1E513E00CC0578 /* TrackersViewControllerDelegate.swift */; };
		6CC246B62A73C60D00DB6EDD /* Observable.swift in Sources */ = {isa = PBXBuildFile; fileRef = 6CC246B52A73C60D00DB6EDD /* Observable.swift */; };
		6CC4F9D62A026FB300DE2409 /* AppDelegate.swift in Sources */ = {isa = PBXBuildFile; fileRef = 6CC4F9D52A026FB300DE2409 /* AppDelegate.swift */; };
		6CC4F9D82A026FB300DE2409 /* SceneDelegate.swift in Sources */ = {isa = PBXBuildFile; fileRef = 6CC4F9D72A026FB300DE2409 /* SceneDelegate.swift */; };
		6CC4F9DA2A026FB300DE2409 /* TrackersViewController.swift in Sources */ = {isa = PBXBuildFile; fileRef = 6CC4F9D92A026FB300DE2409 /* TrackersViewController.swift */; };
		6CC4F9DF2A026FB900DE2409 /* Assets.xcassets in Resources */ = {isa = PBXBuildFile; fileRef = 6CC4F9DE2A026FB900DE2409 /* Assets.xcassets */; };
		6CC4F9E22A026FB900DE2409 /* LaunchScreen.storyboard in Resources */ = {isa = PBXBuildFile; fileRef = 6CC4F9E02A026FB900DE2409 /* LaunchScreen.storyboard */; };
		6CD97F8C2A17562E00B34256 /* CreationEvent.swift in Sources */ = {isa = PBXBuildFile; fileRef = 6CD97F8B2A17562E00B34256 /* CreationEvent.swift */; };
		6CDF75002A725C4F00619FB1 /* OnboardingViewController.swift in Sources */ = {isa = PBXBuildFile; fileRef = 6CDF74FF2A725C4F00619FB1 /* OnboardingViewController.swift */; };
		6CDF75022A72606C00619FB1 /* PageViewController.swift in Sources */ = {isa = PBXBuildFile; fileRef = 6CDF75012A72606C00619FB1 /* PageViewController.swift */; };
		6CDF75272A7294EB00619FB1 /* CategoryViewModel.swift in Sources */ = {isa = PBXBuildFile; fileRef = 6CDF75262A7294EB00619FB1 /* CategoryViewModel.swift */; };
		6CF71A442A791B13000E0964 /* FiltersViewController.swift in Sources */ = {isa = PBXBuildFile; fileRef = 6CF71A432A791B13000E0964 /* FiltersViewController.swift */; };
		6CF71A492A7925B6000E0964 /* FiltersName.swift in Sources */ = {isa = PBXBuildFile; fileRef = 6CF71A482A7925B6000E0964 /* FiltersName.swift */; };
		6CF71A4B2A792B8A000E0964 /* FiltersDelegate.swift in Sources */ = {isa = PBXBuildFile; fileRef = 6CF71A4A2A792B8A000E0964 /* FiltersDelegate.swift */; };
/* End PBXBuildFile section */

/* Begin PBXFileReference section */
		6C07E0A12A1B4A53007BD056 /* DataSourceDelegate.swift */ = {isa = PBXFileReference; lastKnownFileType = sourcecode.swift; path = DataSourceDelegate.swift; sourceTree = "<group>"; };
		6C0F27EB2A17983800993F02 /* CategoryViewController.swift */ = {isa = PBXFileReference; lastKnownFileType = sourcecode.swift; path = CategoryViewController.swift; sourceTree = "<group>"; };
		6C0F27ED2A179E9200993F02 /* NewCategoryViewController.swift */ = {isa = PBXFileReference; lastKnownFileType = sourcecode.swift; path = NewCategoryViewController.swift; sourceTree = "<group>"; };
		6C0F27F22A17A8F900993F02 /* ListTableViewCell.swift */ = {isa = PBXFileReference; lastKnownFileType = sourcecode.swift; path = ListTableViewCell.swift; sourceTree = "<group>"; };
		6C27906C2A6A6A01005B4926 /* TrackerCategoryStore.swift */ = {isa = PBXFileReference; lastKnownFileType = sourcecode.swift; path = TrackerCategoryStore.swift; sourceTree = "<group>"; };
		6C27906E2A6A6AAF005B4926 /* TrackerCategoryStoreDelegate.swift */ = {isa = PBXFileReference; lastKnownFileType = sourcecode.swift; path = TrackerCategoryStoreDelegate.swift; sourceTree = "<group>"; };
		6C2790702A6AA13B005B4926 /* TrackerCoreDataError.swift */ = {isa = PBXFileReference; fileEncoding = 4; lastKnownFileType = sourcecode.swift; path = TrackerCoreDataError.swift; sourceTree = "<group>"; };
		6C2790722A6AC39C005B4926 /* TrackerRecordStore.swift */ = {isa = PBXFileReference; lastKnownFileType = sourcecode.swift; path = TrackerRecordStore.swift; sourceTree = "<group>"; };
		6C2F5F932A135A400003AD76 /* Extensions.swift */ = {isa = PBXFileReference; lastKnownFileType = sourcecode.swift; path = Extensions.swift; sourceTree = "<group>"; };
		6C2F5F9C2A138BA90003AD76 /* SF-Pro.ttf */ = {isa = PBXFileReference; lastKnownFileType = file; path = "SF-Pro.ttf"; sourceTree = "<group>"; };
		6C31EFDE2A165A190049F5F4 /* CreationIrregularEventViewController.swift */ = {isa = PBXFileReference; lastKnownFileType = sourcecode.swift; path = CreationIrregularEventViewController.swift; sourceTree = "<group>"; };
		6C31EFE02A1660D50049F5F4 /* TableViewStaticDataSource.swift */ = {isa = PBXFileReference; lastKnownFileType = sourcecode.swift; path = TableViewStaticDataSource.swift; sourceTree = "<group>"; };
		6C31EFE22A16632B0049F5F4 /* CreationTableViewCell.swift */ = {isa = PBXFileReference; lastKnownFileType = sourcecode.swift; path = CreationTableViewCell.swift; sourceTree = "<group>"; };
		6C31EFE42A16756A0049F5F4 /* SheduleViewController.swift */ = {isa = PBXFileReference; lastKnownFileType = sourcecode.swift; path = SheduleViewController.swift; sourceTree = "<group>"; };
		6C31EFE62A1677CC0049F5F4 /* WeekDay.swift */ = {isa = PBXFileReference; lastKnownFileType = sourcecode.swift; path = WeekDay.swift; sourceTree = "<group>"; };
		6C31EFE82A167F8B0049F5F4 /* SheduleTableViewCell.swift */ = {isa = PBXFileReference; lastKnownFileType = sourcecode.swift; path = SheduleTableViewCell.swift; sourceTree = "<group>"; };
		6C35F4642A6E92BD00D47531 /* TrackerRecordStoreDelegate.swift */ = {isa = PBXFileReference; lastKnownFileType = sourcecode.swift; path = TrackerRecordStoreDelegate.swift; sourceTree = "<group>"; };
		6C55E3C02A1CC909000D5429 /* Tracker.swift */ = {isa = PBXFileReference; lastKnownFileType = sourcecode.swift; path = Tracker.swift; sourceTree = "<group>"; };
		6C55E3C22A1CC922000D5429 /* TrackerCategory.swift */ = {isa = PBXFileReference; lastKnownFileType = sourcecode.swift; path = TrackerCategory.swift; sourceTree = "<group>"; };
		6C55E3C52A1CC95D000D5429 /* TrackerRecord.swift */ = {isa = PBXFileReference; lastKnownFileType = sourcecode.swift; path = TrackerRecord.swift; sourceTree = "<group>"; };
		6C72331F2A1B62E400B99F3F /* EmojiCollectionViewCell.swift */ = {isa = PBXFileReference; lastKnownFileType = sourcecode.swift; path = EmojiCollectionViewCell.swift; sourceTree = "<group>"; };
		6C7233212A1B6A3600B99F3F /* GeometricParams.swift */ = {isa = PBXFileReference; lastKnownFileType = sourcecode.swift; path = GeometricParams.swift; sourceTree = "<group>"; };
		6C7531C92A126E7800A8CBAE /* TabBarController.swift */ = {isa = PBXFileReference; lastKnownFileType = sourcecode.swift; path = TabBarController.swift; sourceTree = "<group>"; };
		6C7531CB2A126E9F00A8CBAE /* StatisticViewController.swift */ = {isa = PBXFileReference; lastKnownFileType = sourcecode.swift; path = StatisticViewController.swift; sourceTree = "<group>"; };
		6C84D6492A1F73FF00060381 /* TrackersCollectionViewCell.swift */ = {isa = PBXFileReference; lastKnownFileType = sourcecode.swift; path = TrackersCollectionViewCell.swift; sourceTree = "<group>"; };
		6C84D64D2A1F80BD00060381 /* SupplementaryView.swift */ = {isa = PBXFileReference; lastKnownFileType = sourcecode.swift; path = SupplementaryView.swift; sourceTree = "<group>"; };
		6C8AA3592A77FA39007B2885 /* en */ = {isa = PBXFileReference; lastKnownFileType = text.plist.stringsdict; name = en; path = en.lproj/Localizable.stringsdict; sourceTree = "<group>"; };
		6C8AA35B2A77FA89007B2885 /* ru */ = {isa = PBXFileReference; lastKnownFileType = text.plist.strings; name = ru; path = ru.lproj/LaunchScreen.strings; sourceTree = "<group>"; };
		6C8AA35C2A77FA89007B2885 /* ru */ = {isa = PBXFileReference; lastKnownFileType = text.plist.stringsdict; name = ru; path = ru.lproj/Localizable.stringsdict; sourceTree = "<group>"; };
		6C8AA3602A7801BD007B2885 /* ru */ = {isa = PBXFileReference; lastKnownFileType = text.plist.strings; name = ru; path = ru.lproj/Localizable.strings; sourceTree = "<group>"; };
		6C8AA3622A7801DF007B2885 /* en */ = {isa = PBXFileReference; lastKnownFileType = text.plist.strings; name = en; path = en.lproj/Localizable.strings; sourceTree = "<group>"; };
		6C947E0F2A161CFB00A8E3BE /* CreationTrackerViewController.swift */ = {isa = PBXFileReference; lastKnownFileType = sourcecode.swift; path = CreationTrackerViewController.swift; sourceTree = "<group>"; };
		6C947E112A16409600A8E3BE /* CreationHabitViewController.swift */ = {isa = PBXFileReference; lastKnownFileType = sourcecode.swift; path = CreationHabitViewController.swift; sourceTree = "<group>"; };
		6C959F982A691C9900CB8BFE /* CreationEventViewController.swift */ = {isa = PBXFileReference; lastKnownFileType = sourcecode.swift; path = CreationEventViewController.swift; sourceTree = "<group>"; };
		6C959FA02A69578D00CB8BFE /* TrackerModel.xcdatamodel */ = {isa = PBXFileReference; lastKnownFileType = wrapper.xcdatamodel; path = TrackerModel.xcdatamodel; sourceTree = "<group>"; };
		6C959FA32A69618E00CB8BFE /* TrackerStore.swift */ = {isa = PBXFileReference; lastKnownFileType = sourcecode.swift; path = TrackerStore.swift; sourceTree = "<group>"; };
		6C959FAB2A696A2800CB8BFE /* UIColorMarshalling.swift */ = {isa = PBXFileReference; lastKnownFileType = sourcecode.swift; path = UIColorMarshalling.swift; sourceTree = "<group>"; };
		6C959FAD2A696C1400CB8BFE /* WeekDayMarshalling.swift */ = {isa = PBXFileReference; lastKnownFileType = sourcecode.swift; path = WeekDayMarshalling.swift; sourceTree = "<group>"; };
		6C9E221E2A68376D002B50EA /* TrackersCollectionViewCellModel.swift */ = {isa = PBXFileReference; lastKnownFileType = sourcecode.swift; path = TrackersCollectionViewCellModel.swift; sourceTree = "<group>"; };
		6CB550CD2A1B89E70012065B /* ColorCollectionViewCell.swift */ = {isa = PBXFileReference; lastKnownFileType = sourcecode.swift; path = ColorCollectionViewCell.swift; sourceTree = "<group>"; };
		6CBF011C2A1E513E00CC0578 /* TrackersViewControllerDelegate.swift */ = {isa = PBXFileReference; lastKnownFileType = sourcecode.swift; path = TrackersViewControllerDelegate.swift; sourceTree = "<group>"; };
		6CC246B52A73C60D00DB6EDD /* Observable.swift */ = {isa = PBXFileReference; lastKnownFileType = sourcecode.swift; path = Observable.swift; sourceTree = "<group>"; };
		6CC4F9D22A026FB300DE2409 /* Tracker.app */ = {isa = PBXFileReference; explicitFileType = wrapper.application; includeInIndex = 0; path = Tracker.app; sourceTree = BUILT_PRODUCTS_DIR; };
		6CC4F9D52A026FB300DE2409 /* AppDelegate.swift */ = {isa = PBXFileReference; lastKnownFileType = sourcecode.swift; path = AppDelegate.swift; sourceTree = "<group>"; };
		6CC4F9D72A026FB300DE2409 /* SceneDelegate.swift */ = {isa = PBXFileReference; lastKnownFileType = sourcecode.swift; path = SceneDelegate.swift; sourceTree = "<group>"; };
		6CC4F9D92A026FB300DE2409 /* TrackersViewController.swift */ = {isa = PBXFileReference; lastKnownFileType = sourcecode.swift; path = TrackersViewController.swift; sourceTree = "<group>"; };
		6CC4F9DE2A026FB900DE2409 /* Assets.xcassets */ = {isa = PBXFileReference; lastKnownFileType = folder.assetcatalog; path = Assets.xcassets; sourceTree = "<group>"; };
		6CC4F9E12A026FB900DE2409 /* Base */ = {isa = PBXFileReference; lastKnownFileType = file.storyboard; name = Base; path = Base.lproj/LaunchScreen.storyboard; sourceTree = "<group>"; };
		6CC4F9E32A026FB900DE2409 /* Info.plist */ = {isa = PBXFileReference; lastKnownFileType = text.plist.xml; path = Info.plist; sourceTree = "<group>"; };
		6CD97F8B2A17562E00B34256 /* CreationEvent.swift */ = {isa = PBXFileReference; lastKnownFileType = sourcecode.swift; path = CreationEvent.swift; sourceTree = "<group>"; };
		6CDF74FF2A725C4F00619FB1 /* OnboardingViewController.swift */ = {isa = PBXFileReference; lastKnownFileType = sourcecode.swift; path = OnboardingViewController.swift; sourceTree = "<group>"; };
		6CDF75012A72606C00619FB1 /* PageViewController.swift */ = {isa = PBXFileReference; lastKnownFileType = sourcecode.swift; path = PageViewController.swift; sourceTree = "<group>"; };
		6CDF75262A7294EB00619FB1 /* CategoryViewModel.swift */ = {isa = PBXFileReference; lastKnownFileType = sourcecode.swift; path = CategoryViewModel.swift; sourceTree = "<group>"; };
		6CF71A432A791B13000E0964 /* FiltersViewController.swift */ = {isa = PBXFileReference; lastKnownFileType = sourcecode.swift; path = FiltersViewController.swift; sourceTree = "<group>"; };
		6CF71A482A7925B6000E0964 /* FiltersName.swift */ = {isa = PBXFileReference; lastKnownFileType = sourcecode.swift; path = FiltersName.swift; sourceTree = "<group>"; };
		6CF71A4A2A792B8A000E0964 /* FiltersDelegate.swift */ = {isa = PBXFileReference; lastKnownFileType = sourcecode.swift; path = FiltersDelegate.swift; sourceTree = "<group>"; };
/* End PBXFileReference section */

/* Begin PBXFrameworksBuildPhase section */
		6CC4F9CF2A026FB300DE2409 /* Frameworks */ = {
			isa = PBXFrameworksBuildPhase;
			buildActionMask = 2147483647;
			files = (
			);
			runOnlyForDeploymentPostprocessing = 0;
		};
/* End PBXFrameworksBuildPhase section */

/* Begin PBXGroup section */
		6C0F27E92A17874D00993F02 /* CreationEvent */ = {
			isa = PBXGroup;
			children = (
				6C947E112A16409600A8E3BE /* CreationHabitViewController.swift */,
				6C31EFDE2A165A190049F5F4 /* CreationIrregularEventViewController.swift */,
				6C959F982A691C9900CB8BFE /* CreationEventViewController.swift */,
				6CD97F8B2A17562E00B34256 /* CreationEvent.swift */,
				6C31EFE22A16632B0049F5F4 /* CreationTableViewCell.swift */,
			);
			path = CreationEvent;
			sourceTree = "<group>";
		};
		6C0F27EA2A1797EE00993F02 /* Shedule */ = {
			isa = PBXGroup;
			children = (
				6C31EFE42A16756A0049F5F4 /* SheduleViewController.swift */,
				6C31EFE82A167F8B0049F5F4 /* SheduleTableViewCell.swift */,
			);
			path = Shedule;
			sourceTree = "<group>";
		};
		6C0F27EF2A179E9C00993F02 /* Category */ = {
			isa = PBXGroup;
			children = (
				6C0F27EB2A17983800993F02 /* CategoryViewController.swift */,
				6C0F27ED2A179E9200993F02 /* NewCategoryViewController.swift */,
				6CDF75262A7294EB00619FB1 /* CategoryViewModel.swift */,
			);
			path = Category;
			sourceTree = "<group>";
		};
		6C2F5F952A135D930003AD76 /* Resources */ = {
			isa = PBXGroup;
			children = (
				6C2F5F9C2A138BA90003AD76 /* SF-Pro.ttf */,
				6CC4F9E32A026FB900DE2409 /* Info.plist */,
				6CC4F9DE2A026FB900DE2409 /* Assets.xcassets */,
				6CC4F9E02A026FB900DE2409 /* LaunchScreen.storyboard */,
				6C8AA35A2A77FA39007B2885 /* Localizable.stringsdict */,
				6C8AA3612A7801BD007B2885 /* Localizable.strings */,
			);
			path = Resources;
			sourceTree = "<group>";
		};
		6C55E3C42A1CC926000D5429 /* Tracker */ = {
			isa = PBXGroup;
			children = (
				6C55E3C02A1CC909000D5429 /* Tracker.swift */,
				6C55E3C22A1CC922000D5429 /* TrackerCategory.swift */,
				6C55E3C52A1CC95D000D5429 /* TrackerRecord.swift */,
			);
			path = Tracker;
			sourceTree = "<group>";
		};
		6C652C012A52C6A3005123E4 /* EmojiAndColorCollection */ = {
			isa = PBXGroup;
			children = (
				6C72331F2A1B62E400B99F3F /* EmojiCollectionViewCell.swift */,
				6CB550CD2A1B89E70012065B /* ColorCollectionViewCell.swift */,
			);
			path = EmojiAndColorCollection;
			sourceTree = "<group>";
		};
		6C72331E2A1B4EC900B99F3F /* DataSource */ = {
			isa = PBXGroup;
			children = (
				6C31EFE02A1660D50049F5F4 /* TableViewStaticDataSource.swift */,
				6C07E0A12A1B4A53007BD056 /* DataSourceDelegate.swift */,
			);
			path = DataSource;
			sourceTree = "<group>";
		};
		6C959FA22A69616F00CB8BFE /* CoreData */ = {
			isa = PBXGroup;
			children = (
				6C959F9F2A69578D00CB8BFE /* TrackerModel.xcdatamodeld */,
				6C959FA32A69618E00CB8BFE /* TrackerStore.swift */,
				6C27906C2A6A6A01005B4926 /* TrackerCategoryStore.swift */,
				6C2790722A6AC39C005B4926 /* TrackerRecordStore.swift */,
				6C2790702A6AA13B005B4926 /* TrackerCoreDataError.swift */,
				6C27906E2A6A6AAF005B4926 /* TrackerCategoryStoreDelegate.swift */,
				6C35F4642A6E92BD00D47531 /* TrackerRecordStoreDelegate.swift */,
				6C959FAB2A696A2800CB8BFE /* UIColorMarshalling.swift */,
				6C959FAD2A696C1400CB8BFE /* WeekDayMarshalling.swift */,
			);
			path = CoreData;
			sourceTree = "<group>";
		};
		6CB364AC2A5457E300D281A9 /* Helper */ = {
			isa = PBXGroup;
			children = (
				6C7233212A1B6A3600B99F3F /* GeometricParams.swift */,
				6C31EFE62A1677CC0049F5F4 /* WeekDay.swift */,
				6CC246B52A73C60D00DB6EDD /* Observable.swift */,
				6C2F5F932A135A400003AD76 /* Extensions.swift */,
			);
			path = Helper;
			sourceTree = "<group>";
		};
		6CBF011E2A1E517F00CC0578 /* Trackers */ = {
			isa = PBXGroup;
			children = (
				6CC4F9D92A026FB300DE2409 /* TrackersViewController.swift */,
				6CBF011C2A1E513E00CC0578 /* TrackersViewControllerDelegate.swift */,
				6C947E0F2A161CFB00A8E3BE /* CreationTrackerViewController.swift */,
				6C84D6492A1F73FF00060381 /* TrackersCollectionViewCell.swift */,
				6C84D64D2A1F80BD00060381 /* SupplementaryView.swift */,
				6C9E221E2A68376D002B50EA /* TrackersCollectionViewCellModel.swift */,
				6CF71A4A2A792B8A000E0964 /* FiltersDelegate.swift */,
			);
			path = Trackers;
			sourceTree = "<group>";
		};
		6CC4F9C92A026FB300DE2409 = {
			isa = PBXGroup;
			children = (
				6CC4F9D42A026FB300DE2409 /* Tracker */,
				6CC4F9D32A026FB300DE2409 /* Products */,
			);
			sourceTree = "<group>";
		};
		6CC4F9D32A026FB300DE2409 /* Products */ = {
			isa = PBXGroup;
			children = (
				6CC4F9D22A026FB300DE2409 /* Tracker.app */,
			);
			name = Products;
			sourceTree = "<group>";
		};
		6CC4F9D42A026FB300DE2409 /* Tracker */ = {
			isa = PBXGroup;
			children = (
				6CC4F9D52A026FB300DE2409 /* AppDelegate.swift */,
				6CC4F9D72A026FB300DE2409 /* SceneDelegate.swift */,
				6C7531C92A126E7800A8CBAE /* TabBarController.swift */,
				6C7531CB2A126E9F00A8CBAE /* StatisticViewController.swift */,
				6CDF75032A72707E00619FB1 /* Onboarding */,
				6CBF011E2A1E517F00CC0578 /* Trackers */,
				6C0F27EF2A179E9C00993F02 /* Category */,
				6C0F27E92A17874D00993F02 /* CreationEvent */,
				6C72331E2A1B4EC900B99F3F /* DataSource */,
				6C652C012A52C6A3005123E4 /* EmojiAndColorCollection */,
				6C0F27EA2A1797EE00993F02 /* Shedule */,
				6CF71A422A791AB3000E0964 /* Filters */,
				6CF71A452A791F88000E0964 /* ListTableViewCell */,
				6C55E3C42A1CC926000D5429 /* Tracker */,
				6C959FA22A69616F00CB8BFE /* CoreData */,
				6CB364AC2A5457E300D281A9 /* Helper */,
				6C2F5F952A135D930003AD76 /* Resources */,
			);
			path = Tracker;
			sourceTree = "<group>";
		};
		6CDF75032A72707E00619FB1 /* Onboarding */ = {
			isa = PBXGroup;
			children = (
				6CDF74FF2A725C4F00619FB1 /* OnboardingViewController.swift */,
				6CDF75012A72606C00619FB1 /* PageViewController.swift */,
			);
			path = Onboarding;
			sourceTree = "<group>";
		};
		6CF71A422A791AB3000E0964 /* Filters */ = {
			isa = PBXGroup;
			children = (
				6CF71A432A791B13000E0964 /* FiltersViewController.swift */,
				6CF71A482A7925B6000E0964 /* FiltersName.swift */,
			);
			path = Filters;
			sourceTree = "<group>";
		};
		6CF71A452A791F88000E0964 /* ListTableViewCell */ = {
			isa = PBXGroup;
			children = (
				6C0F27F22A17A8F900993F02 /* ListTableViewCell.swift */,
			);
			path = ListTableViewCell;
			sourceTree = "<group>";
		};
/* End PBXGroup section */

/* Begin PBXNativeTarget section */
		6CC4F9D12A026FB300DE2409 /* Tracker */ = {
			isa = PBXNativeTarget;
			buildConfigurationList = 6CC4F9E62A026FB900DE2409 /* Build configuration list for PBXNativeTarget "Tracker" */;
			buildPhases = (
				6CC4F9CE2A026FB300DE2409 /* Sources */,
				6CC4F9CF2A026FB300DE2409 /* Frameworks */,
				6CC4F9D02A026FB300DE2409 /* Resources */,
			);
			buildRules = (
			);
			dependencies = (
			);
			name = Tracker;
			productName = Tracker;
			productReference = 6CC4F9D22A026FB300DE2409 /* Tracker.app */;
			productType = "com.apple.product-type.application";
		};
/* End PBXNativeTarget section */

/* Begin PBXProject section */
		6CC4F9CA2A026FB300DE2409 /* Project object */ = {
			isa = PBXProject;
			attributes = {
				BuildIndependentTargetsInParallel = 1;
				LastSwiftUpdateCheck = 1420;
				LastUpgradeCheck = 1420;
				TargetAttributes = {
					6CC4F9D12A026FB300DE2409 = {
						CreatedOnToolsVersion = 14.2;
					};
				};
			};
			buildConfigurationList = 6CC4F9CD2A026FB300DE2409 /* Build configuration list for PBXProject "Tracker" */;
			compatibilityVersion = "Xcode 14.0";
			developmentRegion = en;
			hasScannedForEncodings = 0;
			knownRegions = (
				en,
				Base,
				ru,
			);
			mainGroup = 6CC4F9C92A026FB300DE2409;
			productRefGroup = 6CC4F9D32A026FB300DE2409 /* Products */;
			projectDirPath = "";
			projectRoot = "";
			targets = (
				6CC4F9D12A026FB300DE2409 /* Tracker */,
			);
		};
/* End PBXProject section */

/* Begin PBXResourcesBuildPhase section */
		6CC4F9D02A026FB300DE2409 /* Resources */ = {
			isa = PBXResourcesBuildPhase;
			buildActionMask = 2147483647;
			files = (
				6C8AA35F2A7801BD007B2885 /* Localizable.strings in Resources */,
				6CC4F9E22A026FB900DE2409 /* LaunchScreen.storyboard in Resources */,
				6C8AA3582A77FA39007B2885 /* Localizable.stringsdict in Resources */,
				6C2F5F9D2A138BA90003AD76 /* SF-Pro.ttf in Resources */,
				6CC4F9DF2A026FB900DE2409 /* Assets.xcassets in Resources */,
			);
			runOnlyForDeploymentPostprocessing = 0;
		};
/* End PBXResourcesBuildPhase section */

/* Begin PBXSourcesBuildPhase section */
		6CC4F9CE2A026FB300DE2409 /* Sources */ = {
			isa = PBXSourcesBuildPhase;
			buildActionMask = 2147483647;
			files = (
				6C84D64A2A1F73FF00060381 /* TrackersCollectionViewCell.swift in Sources */,
				6C2790732A6AC39C005B4926 /* TrackerRecordStore.swift in Sources */,
				6C947E122A16409600A8E3BE /* CreationHabitViewController.swift in Sources */,
				6C84D64E2A1F80BD00060381 /* SupplementaryView.swift in Sources */,
				6C31EFDF2A165A190049F5F4 /* CreationIrregularEventViewController.swift in Sources */,
				6CF71A4B2A792B8A000E0964 /* FiltersDelegate.swift in Sources */,
				6C35F4652A6E92BD00D47531 /* TrackerRecordStoreDelegate.swift in Sources */,
				6C27906D2A6A6A01005B4926 /* TrackerCategoryStore.swift in Sources */,
				6CC4F9DA2A026FB300DE2409 /* TrackersViewController.swift in Sources */,
				6C2F5F942A135A400003AD76 /* Extensions.swift in Sources */,
				6C959FA42A69618E00CB8BFE /* TrackerStore.swift in Sources */,
				6C0F27EC2A17983800993F02 /* CategoryViewController.swift in Sources */,
				6C2790712A6AA13B005B4926 /* TrackerCoreDataError.swift in Sources */,
				6C7531CA2A126E7800A8CBAE /* TabBarController.swift in Sources */,
				6C27906F2A6A6AAF005B4926 /* TrackerCategoryStoreDelegate.swift in Sources */,
				6C959F992A691C9900CB8BFE /* CreationEventViewController.swift in Sources */,
				6C7233202A1B62E400B99F3F /* EmojiCollectionViewCell.swift in Sources */,
				6CC4F9D62A026FB300DE2409 /* AppDelegate.swift in Sources */,
				6C55E3C32A1CC922000D5429 /* TrackerCategory.swift in Sources */,
				6CD97F8C2A17562E00B34256 /* CreationEvent.swift in Sources */,
				6C31EFE32A16632B0049F5F4 /* CreationTableViewCell.swift in Sources */,
				6CC246B62A73C60D00DB6EDD /* Observable.swift in Sources */,
				6C31EFE72A1677CC0049F5F4 /* WeekDay.swift in Sources */,
				6C55E3C62A1CC95D000D5429 /* TrackerRecord.swift in Sources */,
				6C55E3C12A1CC909000D5429 /* Tracker.swift in Sources */,
				6C959FA12A69578D00CB8BFE /* TrackerModel.xcdatamodeld in Sources */,
				6C31EFE52A16756A0049F5F4 /* SheduleViewController.swift in Sources */,
				6C947E102A161CFB00A8E3BE /* CreationTrackerViewController.swift in Sources */,
				6C7531CC2A126E9F00A8CBAE /* StatisticViewController.swift in Sources */,
				6CDF75002A725C4F00619FB1 /* OnboardingViewController.swift in Sources */,
				6CDF75272A7294EB00619FB1 /* CategoryViewModel.swift in Sources */,
				6C7233222A1B6A3600B99F3F /* GeometricParams.swift in Sources */,
				6C959FAE2A696C1400CB8BFE /* WeekDayMarshalling.swift in Sources */,
				6C0F27F32A17A8F900993F02 /* ListTableViewCell.swift in Sources */,
				6CDF75022A72606C00619FB1 /* PageViewController.swift in Sources */,
				6C07E0A22A1B4A53007BD056 /* DataSourceDelegate.swift in Sources */,
				6CBF011D2A1E513E00CC0578 /* TrackersViewControllerDelegate.swift in Sources */,
				6C31EFE12A1660D50049F5F4 /* TableViewStaticDataSource.swift in Sources */,
				6C31EFE92A167F8B0049F5F4 /* SheduleTableViewCell.swift in Sources */,
				6C0F27EE2A179E9200993F02 /* NewCategoryViewController.swift in Sources */,
				6CF71A492A7925B6000E0964 /* FiltersName.swift in Sources */,
				6CC4F9D82A026FB300DE2409 /* SceneDelegate.swift in Sources */,
				6C9E221F2A68376D002B50EA /* TrackersCollectionViewCellModel.swift in Sources */,
				6C959FAC2A696A2800CB8BFE /* UIColorMarshalling.swift in Sources */,
				6CF71A442A791B13000E0964 /* FiltersViewController.swift in Sources */,
				6CB550CE2A1B89E70012065B /* ColorCollectionViewCell.swift in Sources */,
			);
			runOnlyForDeploymentPostprocessing = 0;
		};
/* End PBXSourcesBuildPhase section */

/* Begin PBXVariantGroup section */
		6C8AA35A2A77FA39007B2885 /* Localizable.stringsdict */ = {
			isa = PBXVariantGroup;
			children = (
				6C8AA3592A77FA39007B2885 /* en */,
				6C8AA35C2A77FA89007B2885 /* ru */,
			);
			name = Localizable.stringsdict;
			sourceTree = "<group>";
		};
		6C8AA3612A7801BD007B2885 /* Localizable.strings */ = {
			isa = PBXVariantGroup;
			children = (
				6C8AA3602A7801BD007B2885 /* ru */,
				6C8AA3622A7801DF007B2885 /* en */,
			);
			name = Localizable.strings;
			sourceTree = "<group>";
		};
		6CC4F9E02A026FB900DE2409 /* LaunchScreen.storyboard */ = {
			isa = PBXVariantGroup;
			children = (
				6CC4F9E12A026FB900DE2409 /* Base */,
				6C8AA35B2A77FA89007B2885 /* ru */,
			);
			name = LaunchScreen.storyboard;
			sourceTree = "<group>";
		};
/* End PBXVariantGroup section */

/* Begin XCBuildConfiguration section */
		6CC4F9E42A026FB900DE2409 /* Debug */ = {
			isa = XCBuildConfiguration;
			buildSettings = {
				ALWAYS_SEARCH_USER_PATHS = NO;
				CLANG_ANALYZER_LOCALIZABILITY_NONLOCALIZED = YES;
				CLANG_ANALYZER_NONNULL = YES;
				CLANG_ANALYZER_NUMBER_OBJECT_CONVERSION = YES_AGGRESSIVE;
				CLANG_CXX_LANGUAGE_STANDARD = "gnu++20";
				CLANG_ENABLE_MODULES = YES;
				CLANG_ENABLE_OBJC_ARC = YES;
				CLANG_ENABLE_OBJC_WEAK = YES;
				CLANG_WARN_BLOCK_CAPTURE_AUTORELEASING = YES;
				CLANG_WARN_BOOL_CONVERSION = YES;
				CLANG_WARN_COMMA = YES;
				CLANG_WARN_CONSTANT_CONVERSION = YES;
				CLANG_WARN_DEPRECATED_OBJC_IMPLEMENTATIONS = YES;
				CLANG_WARN_DIRECT_OBJC_ISA_USAGE = YES_ERROR;
				CLANG_WARN_DOCUMENTATION_COMMENTS = YES;
				CLANG_WARN_EMPTY_BODY = YES;
				CLANG_WARN_ENUM_CONVERSION = YES;
				CLANG_WARN_INFINITE_RECURSION = YES;
				CLANG_WARN_INT_CONVERSION = YES;
				CLANG_WARN_NON_LITERAL_NULL_CONVERSION = YES;
				CLANG_WARN_OBJC_IMPLICIT_RETAIN_SELF = YES;
				CLANG_WARN_OBJC_LITERAL_CONVERSION = YES;
				CLANG_WARN_OBJC_ROOT_CLASS = YES_ERROR;
				CLANG_WARN_QUOTED_INCLUDE_IN_FRAMEWORK_HEADER = YES;
				CLANG_WARN_RANGE_LOOP_ANALYSIS = YES;
				CLANG_WARN_STRICT_PROTOTYPES = YES;
				CLANG_WARN_SUSPICIOUS_MOVE = YES;
				CLANG_WARN_UNGUARDED_AVAILABILITY = YES_AGGRESSIVE;
				CLANG_WARN_UNREACHABLE_CODE = YES;
				CLANG_WARN__DUPLICATE_METHOD_MATCH = YES;
				COPY_PHASE_STRIP = NO;
				DEBUG_INFORMATION_FORMAT = dwarf;
				ENABLE_STRICT_OBJC_MSGSEND = YES;
				ENABLE_TESTABILITY = YES;
				GCC_C_LANGUAGE_STANDARD = gnu11;
				GCC_DYNAMIC_NO_PIC = NO;
				GCC_NO_COMMON_BLOCKS = YES;
				GCC_OPTIMIZATION_LEVEL = 0;
				GCC_PREPROCESSOR_DEFINITIONS = (
					"DEBUG=1",
					"$(inherited)",
				);
				GCC_WARN_64_TO_32_BIT_CONVERSION = YES;
				GCC_WARN_ABOUT_RETURN_TYPE = YES_ERROR;
				GCC_WARN_UNDECLARED_SELECTOR = YES;
				GCC_WARN_UNINITIALIZED_AUTOS = YES_AGGRESSIVE;
				GCC_WARN_UNUSED_FUNCTION = YES;
				GCC_WARN_UNUSED_VARIABLE = YES;
				IPHONEOS_DEPLOYMENT_TARGET = 16.2;
				MTL_ENABLE_DEBUG_INFO = INCLUDE_SOURCE;
				MTL_FAST_MATH = YES;
				ONLY_ACTIVE_ARCH = YES;
				SDKROOT = iphoneos;
				SWIFT_ACTIVE_COMPILATION_CONDITIONS = DEBUG;
				SWIFT_OPTIMIZATION_LEVEL = "-Onone";
			};
			name = Debug;
		};
		6CC4F9E52A026FB900DE2409 /* Release */ = {
			isa = XCBuildConfiguration;
			buildSettings = {
				ALWAYS_SEARCH_USER_PATHS = NO;
				CLANG_ANALYZER_LOCALIZABILITY_NONLOCALIZED = YES;
				CLANG_ANALYZER_NONNULL = YES;
				CLANG_ANALYZER_NUMBER_OBJECT_CONVERSION = YES_AGGRESSIVE;
				CLANG_CXX_LANGUAGE_STANDARD = "gnu++20";
				CLANG_ENABLE_MODULES = YES;
				CLANG_ENABLE_OBJC_ARC = YES;
				CLANG_ENABLE_OBJC_WEAK = YES;
				CLANG_WARN_BLOCK_CAPTURE_AUTORELEASING = YES;
				CLANG_WARN_BOOL_CONVERSION = YES;
				CLANG_WARN_COMMA = YES;
				CLANG_WARN_CONSTANT_CONVERSION = YES;
				CLANG_WARN_DEPRECATED_OBJC_IMPLEMENTATIONS = YES;
				CLANG_WARN_DIRECT_OBJC_ISA_USAGE = YES_ERROR;
				CLANG_WARN_DOCUMENTATION_COMMENTS = YES;
				CLANG_WARN_EMPTY_BODY = YES;
				CLANG_WARN_ENUM_CONVERSION = YES;
				CLANG_WARN_INFINITE_RECURSION = YES;
				CLANG_WARN_INT_CONVERSION = YES;
				CLANG_WARN_NON_LITERAL_NULL_CONVERSION = YES;
				CLANG_WARN_OBJC_IMPLICIT_RETAIN_SELF = YES;
				CLANG_WARN_OBJC_LITERAL_CONVERSION = YES;
				CLANG_WARN_OBJC_ROOT_CLASS = YES_ERROR;
				CLANG_WARN_QUOTED_INCLUDE_IN_FRAMEWORK_HEADER = YES;
				CLANG_WARN_RANGE_LOOP_ANALYSIS = YES;
				CLANG_WARN_STRICT_PROTOTYPES = YES;
				CLANG_WARN_SUSPICIOUS_MOVE = YES;
				CLANG_WARN_UNGUARDED_AVAILABILITY = YES_AGGRESSIVE;
				CLANG_WARN_UNREACHABLE_CODE = YES;
				CLANG_WARN__DUPLICATE_METHOD_MATCH = YES;
				COPY_PHASE_STRIP = NO;
				DEBUG_INFORMATION_FORMAT = "dwarf-with-dsym";
				ENABLE_NS_ASSERTIONS = NO;
				ENABLE_STRICT_OBJC_MSGSEND = YES;
				GCC_C_LANGUAGE_STANDARD = gnu11;
				GCC_NO_COMMON_BLOCKS = YES;
				GCC_WARN_64_TO_32_BIT_CONVERSION = YES;
				GCC_WARN_ABOUT_RETURN_TYPE = YES_ERROR;
				GCC_WARN_UNDECLARED_SELECTOR = YES;
				GCC_WARN_UNINITIALIZED_AUTOS = YES_AGGRESSIVE;
				GCC_WARN_UNUSED_FUNCTION = YES;
				GCC_WARN_UNUSED_VARIABLE = YES;
				IPHONEOS_DEPLOYMENT_TARGET = 16.2;
				MTL_ENABLE_DEBUG_INFO = NO;
				MTL_FAST_MATH = YES;
				SDKROOT = iphoneos;
				SWIFT_COMPILATION_MODE = wholemodule;
				SWIFT_OPTIMIZATION_LEVEL = "-O";
				VALIDATE_PRODUCT = YES;
			};
			name = Release;
		};
		6CC4F9E72A026FB900DE2409 /* Debug */ = {
			isa = XCBuildConfiguration;
			buildSettings = {
				ASSETCATALOG_COMPILER_APPICON_NAME = AppIcon;
				ASSETCATALOG_COMPILER_GLOBAL_ACCENT_COLOR_NAME = AccentColor;
				CODE_SIGN_STYLE = Automatic;
				CURRENT_PROJECT_VERSION = 1;
				DEVELOPMENT_TEAM = F5UR5Q4TK2;
				GENERATE_INFOPLIST_FILE = YES;
				INFOPLIST_FILE = Tracker/Resources/Info.plist;
				INFOPLIST_KEY_UIApplicationSupportsIndirectInputEvents = YES;
				INFOPLIST_KEY_UILaunchStoryboardName = LaunchScreen;
				INFOPLIST_KEY_UISupportedInterfaceOrientations = UIInterfaceOrientationPortrait;
				INFOPLIST_KEY_UISupportedInterfaceOrientations_iPad = "UIInterfaceOrientationLandscapeLeft UIInterfaceOrientationLandscapeRight UIInterfaceOrientationPortrait UIInterfaceOrientationPortraitUpsideDown";
				IPHONEOS_DEPLOYMENT_TARGET = 13.4;
				LD_RUNPATH_SEARCH_PATHS = (
					"$(inherited)",
					"@executable_path/Frameworks",
				);
				MARKETING_VERSION = 1.0;
				PRODUCT_BUNDLE_IDENTIFIER = xyz.toxarey.Tracker;
				PRODUCT_NAME = "$(TARGET_NAME)";
				SUPPORTED_PLATFORMS = "iphoneos iphonesimulator";
				SUPPORTS_MACCATALYST = NO;
				SUPPORTS_MAC_DESIGNED_FOR_IPHONE_IPAD = NO;
				SWIFT_EMIT_LOC_STRINGS = YES;
				SWIFT_VERSION = 5.0;
				TARGETED_DEVICE_FAMILY = 1;
			};
			name = Debug;
		};
		6CC4F9E82A026FB900DE2409 /* Release */ = {
			isa = XCBuildConfiguration;
			buildSettings = {
				ASSETCATALOG_COMPILER_APPICON_NAME = AppIcon;
				ASSETCATALOG_COMPILER_GLOBAL_ACCENT_COLOR_NAME = AccentColor;
				CODE_SIGN_STYLE = Automatic;
				CURRENT_PROJECT_VERSION = 1;
				DEVELOPMENT_TEAM = F5UR5Q4TK2;
				GENERATE_INFOPLIST_FILE = YES;
				INFOPLIST_FILE = Tracker/Resources/Info.plist;
				INFOPLIST_KEY_UIApplicationSupportsIndirectInputEvents = YES;
				INFOPLIST_KEY_UILaunchStoryboardName = LaunchScreen;
				INFOPLIST_KEY_UISupportedInterfaceOrientations = UIInterfaceOrientationPortrait;
				INFOPLIST_KEY_UISupportedInterfaceOrientations_iPad = "UIInterfaceOrientationLandscapeLeft UIInterfaceOrientationLandscapeRight UIInterfaceOrientationPortrait UIInterfaceOrientationPortraitUpsideDown";
				IPHONEOS_DEPLOYMENT_TARGET = 13.4;
				LD_RUNPATH_SEARCH_PATHS = (
					"$(inherited)",
					"@executable_path/Frameworks",
				);
				MARKETING_VERSION = 1.0;
				PRODUCT_BUNDLE_IDENTIFIER = xyz.toxarey.Tracker;
				PRODUCT_NAME = "$(TARGET_NAME)";
				SUPPORTED_PLATFORMS = "iphoneos iphonesimulator";
				SUPPORTS_MACCATALYST = NO;
				SUPPORTS_MAC_DESIGNED_FOR_IPHONE_IPAD = NO;
				SWIFT_EMIT_LOC_STRINGS = YES;
				SWIFT_VERSION = 5.0;
				TARGETED_DEVICE_FAMILY = 1;
			};
			name = Release;
		};
/* End XCBuildConfiguration section */

/* Begin XCConfigurationList section */
		6CC4F9CD2A026FB300DE2409 /* Build configuration list for PBXProject "Tracker" */ = {
			isa = XCConfigurationList;
			buildConfigurations = (
				6CC4F9E42A026FB900DE2409 /* Debug */,
				6CC4F9E52A026FB900DE2409 /* Release */,
			);
			defaultConfigurationIsVisible = 0;
			defaultConfigurationName = Release;
		};
		6CC4F9E62A026FB900DE2409 /* Build configuration list for PBXNativeTarget "Tracker" */ = {
			isa = XCConfigurationList;
			buildConfigurations = (
				6CC4F9E72A026FB900DE2409 /* Debug */,
				6CC4F9E82A026FB900DE2409 /* Release */,
			);
			defaultConfigurationIsVisible = 0;
			defaultConfigurationName = Release;
		};
/* End XCConfigurationList section */

/* Begin XCVersionGroup section */
		6C959F9F2A69578D00CB8BFE /* TrackerModel.xcdatamodeld */ = {
			isa = XCVersionGroup;
			children = (
				6C959FA02A69578D00CB8BFE /* TrackerModel.xcdatamodel */,
			);
			currentVersion = 6C959FA02A69578D00CB8BFE /* TrackerModel.xcdatamodel */;
			path = TrackerModel.xcdatamodeld;
			sourceTree = "<group>";
			versionGroupType = wrapper.xcdatamodel;
		};
/* End XCVersionGroup section */
	};
	rootObject = 6CC4F9CA2A026FB300DE2409 /* Project object */;
}
